
Microsoft Visual Studio Solution File, Format Version 12.00
# Visual Studio Version 17
VisualStudioVersion = 17.5.002.0
MinimumVisualStudioVersion = 10.0.40219.1
Project("{9A19103F-16F7-4668-BE54-9A1E7A4F7556}") = "ReservasAPI", "ReservasAPI.csproj", "{DCE4144F-8A9A-447C-A89F-94B918A2B8F4}"
EndProject
Global
	GlobalSection(SolutionConfigurationPlatforms) = preSolution
		Debug|Any CPU = Debug|Any CPU
		Release|Any CPU = Release|Any CPU
	EndGlobalSection
	GlobalSection(ProjectConfigurationPlatforms) = postSolution
		{DCE4144F-8A9A-447C-A89F-94B918A2B8F4}.Debug|Any CPU.ActiveCfg = Debug|Any CPU
		{DCE4144F-8A9A-447C-A89F-94B918A2B8F4}.Debug|Any CPU.Build.0 = Debug|Any CPU
		{DCE4144F-8A9A-447C-A89F-94B918A2B8F4}.Release|Any CPU.ActiveCfg = Release|Any CPU
		{DCE4144F-8A9A-447C-A89F-94B918A2B8F4}.Release|Any CPU.Build.0 = Release|Any CPU
	EndGlobalSection
	GlobalSection(SolutionProperties) = preSolution
		HideSolutionNode = FALSE
	EndGlobalSection
	GlobalSection(ExtensibilityGlobals) = postSolution
		SolutionGuid = {B0576742-2829-4D8F-B1C1-3EC7394432C6}
	EndGlobalSection
EndGlobal
